
Microsoft Visual Studio Solution File, Format Version 12.00
# Visual Studio Version 17
VisualStudioVersion = 17.8.34525.116
MinimumVisualStudioVersion = 10.0.40219.1
Project("{FAE04EC0-301F-11D3-BF4B-00C04F79EFBC}") = "Qinshift.Asp.Net.Mvc.Class03.Models", "Qinshift.Asp.Net.Mvc.Class03.Models\Qinshift.Asp.Net.Mvc.Class03.Models.csproj", "{CE5A660A-0280-438A-9E76-654975A547CD}"
EndProject
Global
	GlobalSection(SolutionConfigurationPlatforms) = preSolution
		Debug|Any CPU = Debug|Any CPU
		Release|Any CPU = Release|Any CPU
	EndGlobalSection
	GlobalSection(ProjectConfigurationPlatforms) = postSolution
		{CE5A660A-0280-438A-9E76-654975A547CD}.Debug|Any CPU.ActiveCfg = Debug|Any CPU
		{CE5A660A-0280-438A-9E76-654975A547CD}.Debug|Any CPU.Build.0 = Debug|Any CPU
		{CE5A660A-0280-438A-9E76-654975A547CD}.Release|Any CPU.ActiveCfg = Release|Any CPU
		{CE5A660A-0280-438A-9E76-654975A547CD}.Release|Any CPU.Build.0 = Release|Any CPU
	EndGlobalSection
	GlobalSection(SolutionProperties) = preSolution
		HideSolutionNode = FALSE
	EndGlobalSection
	GlobalSection(ExtensibilityGlobals) = postSolution
		SolutionGuid = {3EED1947-1CBB-48BF-98B1-C60A77E0CC33}
	EndGlobalSection
EndGlobal
